
Microsoft Visual Studio Solution File, Format Version 11.00
# Visual Studio 2010
Project("{FAE04EC0-301F-11D3-BF4B-00C04F79EFBC}") = "Assembly-CSharp", "Assembly-CSharp.csproj", "{c97308c0-cdb5-f74a-9ea3-883404a4a128}"
EndProject
Project("{FAE04EC0-301F-11D3-BF4B-00C04F79EFBC}") = "Assembly-CSharp-Editor", "Assembly-CSharp-Editor.csproj", "{488fe665-f7b3-c2f9-4789-d9dc0f663a02}"
EndProject
Global
	GlobalSection(SolutionConfigurationPlatforms) = preSolution
		Debug|Any CPU = Debug|Any CPU
		Release|Any CPU = Release|Any CPU
	EndGlobalSection
	GlobalSection(ProjectConfigurationPlatforms) = postSolution
		{c97308c0-cdb5-f74a-9ea3-883404a4a128}.Debug|Any CPU.ActiveCfg = Debug|Any CPU
		{c97308c0-cdb5-f74a-9ea3-883404a4a128}.Debug|Any CPU.Build.0 = Debug|Any CPU
		{c97308c0-cdb5-f74a-9ea3-883404a4a128}.Release|Any CPU.ActiveCfg = Release|Any CPU
		{c97308c0-cdb5-f74a-9ea3-883404a4a128}.Release|Any CPU.Build.0 = Release|Any CPU
		{488fe665-f7b3-c2f9-4789-d9dc0f663a02}.Debug|Any CPU.ActiveCfg = Debug|Any CPU
		{488fe665-f7b3-c2f9-4789-d9dc0f663a02}.Debug|Any CPU.Build.0 = Debug|Any CPU
		{488fe665-f7b3-c2f9-4789-d9dc0f663a02}.Release|Any CPU.ActiveCfg = Release|Any CPU
		{488fe665-f7b3-c2f9-4789-d9dc0f663a02}.Release|Any CPU.Build.0 = Release|Any CPU
	EndGlobalSection
	GlobalSection(SolutionProperties) = preSolution
		HideSolutionNode = FALSE
	EndGlobalSection
EndGlobal
